
Microsoft Visual Studio Solution File, Format Version 12.00
# Visual Studio Version 16
VisualStudioVersion = 16.0.31313.79
MinimumVisualStudioVersion = 10.0.40219.1
Project("{9A19103F-16F7-4668-BE54-9A1E7A4F7556}") = "Puulaakiliiga", "Puulaakiliiga.csproj", "{162813A3-30A1-4E3C-AAB9-BF57EB3677A5}"
EndProject
Project("{00D1A9C2-B5F0-4AF3-8072-F6C62B433612}") = "PuulaakiDB", "..\PuulaakiDB\PuulaakiDB.sqlproj", "{CEE93894-8D4E-4529-B508-AB102DCE9560}"
EndProject
Global
	GlobalSection(SolutionConfigurationPlatforms) = preSolution
		Debug|Any CPU = Debug|Any CPU
		Release|Any CPU = Release|Any CPU
	EndGlobalSection
	GlobalSection(ProjectConfigurationPlatforms) = postSolution
		{162813A3-30A1-4E3C-AAB9-BF57EB3677A5}.Debug|Any CPU.ActiveCfg = Debug|Any CPU
		{162813A3-30A1-4E3C-AAB9-BF57EB3677A5}.Debug|Any CPU.Build.0 = Debug|Any CPU
		{162813A3-30A1-4E3C-AAB9-BF57EB3677A5}.Release|Any CPU.ActiveCfg = Release|Any CPU
		{162813A3-30A1-4E3C-AAB9-BF57EB3677A5}.Release|Any CPU.Build.0 = Release|Any CPU
		{CEE93894-8D4E-4529-B508-AB102DCE9560}.Debug|Any CPU.ActiveCfg = Debug|Any CPU
		{CEE93894-8D4E-4529-B508-AB102DCE9560}.Debug|Any CPU.Build.0 = Debug|Any CPU
		{CEE93894-8D4E-4529-B508-AB102DCE9560}.Debug|Any CPU.Deploy.0 = Debug|Any CPU
		{CEE93894-8D4E-4529-B508-AB102DCE9560}.Release|Any CPU.ActiveCfg = Release|Any CPU
		{CEE93894-8D4E-4529-B508-AB102DCE9560}.Release|Any CPU.Build.0 = Release|Any CPU
		{CEE93894-8D4E-4529-B508-AB102DCE9560}.Release|Any CPU.Deploy.0 = Release|Any CPU
	EndGlobalSection
	GlobalSection(SolutionProperties) = preSolution
		HideSolutionNode = FALSE
	EndGlobalSection
	GlobalSection(ExtensibilityGlobals) = postSolution
		SolutionGuid = {181329AE-224A-49BA-828F-16700BFBEF16}
	EndGlobalSection
EndGlobal
